
Microsoft Visual Studio Solution File, Format Version 12.00
# Visual Studio 2013
VisualStudioVersion = 12.0.21005.1
MinimumVisualStudioVersion = 10.0.40219.1
Project("{FAE04EC0-301F-11D3-BF4B-00C04F79EFBC}") = "HA_ExerciseSelenium", "HA_Exercise\HA_ExerciseSelenium.csproj", "{9748CB36-9395-4905-8A45-958D1E83A2C0}"
EndProject
Project("{FAE04EC0-301F-11D3-BF4B-00C04F79EFBC}") = "HA_ExerciseAPI", "HA_ExerciseAPI\HA_ExerciseAPI.csproj", "{92AFBAC3-ACC9-4D41-820D-6AEDF52A26FD}"
EndProject
Global
	GlobalSection(SolutionConfigurationPlatforms) = preSolution
		Debug|Any CPU = Debug|Any CPU
		Release|Any CPU = Release|Any CPU
	EndGlobalSection
	GlobalSection(ProjectConfigurationPlatforms) = postSolution
		{9748CB36-9395-4905-8A45-958D1E83A2C0}.Debug|Any CPU.ActiveCfg = Debug|Any CPU
		{9748CB36-9395-4905-8A45-958D1E83A2C0}.Debug|Any CPU.Build.0 = Debug|Any CPU
		{9748CB36-9395-4905-8A45-958D1E83A2C0}.Release|Any CPU.ActiveCfg = Release|Any CPU
		{9748CB36-9395-4905-8A45-958D1E83A2C0}.Release|Any CPU.Build.0 = Release|Any CPU
		{92AFBAC3-ACC9-4D41-820D-6AEDF52A26FD}.Debug|Any CPU.ActiveCfg = Debug|Any CPU
		{92AFBAC3-ACC9-4D41-820D-6AEDF52A26FD}.Debug|Any CPU.Build.0 = Debug|Any CPU
		{92AFBAC3-ACC9-4D41-820D-6AEDF52A26FD}.Release|Any CPU.ActiveCfg = Release|Any CPU
		{92AFBAC3-ACC9-4D41-820D-6AEDF52A26FD}.Release|Any CPU.Build.0 = Release|Any CPU
	EndGlobalSection
	GlobalSection(SolutionProperties) = preSolution
		HideSolutionNode = FALSE
	EndGlobalSection
EndGlobal
